Microsoft Visual Studio Solution File, Format Version 12.00
# Visual Studio Version 17
VisualStudioVersion = 17.5.2.0
MinimumVisualStudioVersion = 10.0.40219.1
Project("{FAE04EC0-301F-11D3-BF4B-00C04F79EFBC}") = "BookingApp.Hotels.WebApi", "BookingApp.Hotels.WebApi.csproj", "{99846968-83E7-6352-B255-CFA338C96721}"
EndProject
Global
	GlobalSection(SolutionConfigurationPlatforms) = preSolution
		Debug|Any CPU = Debug|Any CPU
		Release|Any CPU = Release|Any CPU
	EndGlobalSection
	GlobalSection(ProjectConfigurationPlatforms) = postSolution
		{99846968-83E7-6352-B255-CFA338C96721}.Debug|Any CPU.ActiveCfg = Debug|Any CPU
		{99846968-83E7-6352-B255-CFA338C96721}.Debug|Any CPU.Build.0 = Debug|Any CPU
		{99846968-83E7-6352-B255-CFA338C96721}.Release|Any CPU.ActiveCfg = Release|Any CPU
		{99846968-83E7-6352-B255-CFA338C96721}.Release|Any CPU.Build.0 = Release|Any CPU
	EndGlobalSection
	GlobalSection(SolutionProperties) = preSolution
		HideSolutionNode = FALSE
	EndGlobalSection
	GlobalSection(ExtensibilityGlobals) = postSolution
		SolutionGuid = {FCE39AA8-93AC-4A89-8F69-306B93ECCD36}
	EndGlobalSection
EndGlobal
